
Microsoft Visual Studio Solution File, Format Version 12.00
# Visual Studio Version 17
VisualStudioVersion = 17.6.33829.357
MinimumVisualStudioVersion = 10.0.40219.1
Project("{8BC9CEB8-8B4A-11D0-8D11-00A0C91BC942}") = "Teht_4", "Teht_4\Teht_4.vcxproj", "{8F0BBFE0-19D8-44CB-8A60-7E9A62B2F7F8}"
EndProject
Project("{8BC9CEB8-8B4A-11D0-8D11-00A0C91BC942}") = "Teht_1_4-6", "ArvausPeli\ArvausPeli.vcxproj", "{057B3D74-0B64-41C5-BB69-DF4C88E76E7C}"
EndProject
Project("{8BC9CEB8-8B4A-11D0-8D11-00A0C91BC942}") = "Teht_2_6", "C-merrkijono\C-merrkijono.vcxproj", "{4EE62C1B-25BC-4ED8-A1E2-EF29B00480E6}"
EndProject
Project("{8BC9CEB8-8B4A-11D0-8D11-00A0C91BC942}") = "HelloWordProject", "HelloWordProject\HelloWordProject.vcxproj", "{6C28947D-A85B-4F4F-8CA3-CBA9C86ED512}"
EndProject
Project("{8BC9CEB8-8B4A-11D0-8D11-00A0C91BC942}") = "Teht_1_1-3", "KiinalainenNumeroPeli\KiinalainenNumeroPeli.vcxproj", "{C1D0191A-67B7-4AF3-AFF2-340D2901A3CB}"
EndProject
Project("{8BC9CEB8-8B4A-11D0-8D11-00A0C91BC942}") = "LakseKolmionPintaAla", "LakseKolmionPintaAla\LakseKolmionPintaAla.vcxproj", "{190BB362-93EF-4B68-AFEE-51FAF5F65A2B}"
EndProject
Project("{8BC9CEB8-8B4A-11D0-8D11-00A0C91BC942}") = "Teht_2_5", "NollaaTalukkoOsoittimella\NollaaTalukkoOsoittimella.vcxproj", "{24D4FEAF-C376-449F-85E1-1D2A4F25DD47}"
EndProject
Project("{8BC9CEB8-8B4A-11D0-8D11-00A0C91BC942}") = "Teht_2_2", "OsoitinTesti\OsoitinTesti.vcxproj", "{31253995-2056-4AE3-848F-6C0D32797F5B}"
EndProject
Project("{8BC9CEB8-8B4A-11D0-8D11-00A0C91BC942}") = "Teht_2_1", "SizeOfTest\SizeOfTest.vcxproj", "{13A2893E-FC52-411B-BDFA-7384DED515BB}"
EndProject
Project("{8BC9CEB8-8B4A-11D0-8D11-00A0C91BC942}") = "Teht_2_4", "SummaTesti\SummaTesti.vcxproj", "{00EF5F93-DFDA-48B6-BBD0-9A10529FDA51}"
EndProject
Project("{8BC9CEB8-8B4A-11D0-8D11-00A0C91BC942}") = "Teht_3_1", "Teht_3_1\Teht_3_1.vcxproj", "{BA4528AD-373E-44A8-92D2-65B785331E6E}"
EndProject
Project("{8BC9CEB8-8B4A-11D0-8D11-00A0C91BC942}") = "Teht_3_2", "Teht_3_2\Teht_3_2.vcxproj", "{53ACF130-45E1-4989-88D4-E462C9FD595E}"
EndProject
Project("{8BC9CEB8-8B4A-11D0-8D11-00A0C91BC942}") = "Tuntiteht_1", "Tuntiteht_1\Tuntiteht_1.vcxproj", "{081C0BA4-955A-4DD6-B338-987CDF9C7756}"
EndProject
Project("{8BC9CEB8-8B4A-11D0-8D11-00A0C91BC942}") = "KopioLuokkaKokeilu", "LuokkaKokeilu\LuokkaKokeilu.vcxproj", "{D00F52B6-1ECE-4B0A-B5B3-097407D06D00}"
EndProject
Project("{8BC9CEB8-8B4A-11D0-8D11-00A0C91BC942}") = "Teht_5", "Teht_5\Teht_5.vcxproj", "{7706E351-D731-4FCD-9298-150D4D4DB296}"
EndProject
Project("{8BC9CEB8-8B4A-11D0-8D11-00A0C91BC942}") = "Teht_5_2", "Teht_5_2\Teht_5_2.vcxproj", "{7706727B-C24A-426F-A2F4-33FD0BAA912A}"
EndProject
Project("{8BC9CEB8-8B4A-11D0-8D11-00A0C91BC942}") = "Teht_5_3", "Teht_5_3\Teht_5_3.vcxproj", "{3DDF8EAE-5994-48B5-9123-AE911266698F}"
EndProject
Project("{8BC9CEB8-8B4A-11D0-8D11-00A0C91BC942}") = "Teht_6", "Teht_6\Teht_6.vcxproj", "{30498988-6A9A-4B2C-882C-AA3975DBA901}"
EndProject
Project("{8BC9CEB8-8B4A-11D0-8D11-00A0C91BC942}") = "Teht_6_2", "Teht_6_2\Teht_6_2.vcxproj", "{53B7A9BB-AC1A-4A31-B253-A4A5E9414CA3}"
EndProject
Project("{8BC9CEB8-8B4A-11D0-8D11-00A0C91BC942}") = "Teht_6_3", "Teht_6_3\Teht_6_3.vcxproj", "{CCB20BB0-69A3-48E4-94A7-8F966ACB5644}"
EndProject
Project("{8BC9CEB8-8B4A-11D0-8D11-00A0C91BC942}") = "Teht_7", "Teht_7\Teht_7.vcxproj", "{4FC6791A-C57C-46E2-82A6-435317B8A5C2}"
EndProject
Project("{8BC9CEB8-8B4A-11D0-8D11-00A0C91BC942}") = "Teht_7_2", "Teht_7_2\Teht_7_2.vcxproj", "{7C714BD7-65A5-464A-BB6D-047944850F90}"
EndProject
Project("{8BC9CEB8-8B4A-11D0-8D11-00A0C91BC942}") = "Teht_8", "Teht_8\Teht_8.vcxproj", "{142E7A83-A0FC-49DE-A639-4AD99BC2910B}"
EndProject
Project("{8BC9CEB8-8B4A-11D0-8D11-00A0C91BC942}") = "Teht_9", "Teht_9\Teht_9.vcxproj", "{F281B771-0A47-47EC-8797-AB6F5C6CF60F}"
EndProject
Global
	GlobalSection(SolutionConfigurationPlatforms) = preSolution
		Debug|x64 = Debug|x64
		Debug|x86 = Debug|x86
		Release|x64 = Release|x64
		Release|x86 = Release|x86
	EndGlobalSection
	GlobalSection(ProjectConfigurationPlatforms) = postSolution
		{8F0BBFE0-19D8-44CB-8A60-7E9A62B2F7F8}.Debug|x64.ActiveCfg = Debug|x64
		{8F0BBFE0-19D8-44CB-8A60-7E9A62B2F7F8}.Debug|x64.Build.0 = Debug|x64
		{8F0BBFE0-19D8-44CB-8A60-7E9A62B2F7F8}.Debug|x86.ActiveCfg = Debug|Win32
		{8F0BBFE0-19D8-44CB-8A60-7E9A62B2F7F8}.Debug|x86.Build.0 = Debug|Win32
		{8F0BBFE0-19D8-44CB-8A60-7E9A62B2F7F8}.Release|x64.ActiveCfg = Release|x64
		{8F0BBFE0-19D8-44CB-8A60-7E9A62B2F7F8}.Release|x64.Build.0 = Release|x64
		{8F0BBFE0-19D8-44CB-8A60-7E9A62B2F7F8}.Release|x86.ActiveCfg = Release|Win32
		{8F0BBFE0-19D8-44CB-8A60-7E9A62B2F7F8}.Release|x86.Build.0 = Release|Win32
		{057B3D74-0B64-41C5-BB69-DF4C88E76E7C}.Debug|x64.ActiveCfg = Debug|x64
		{057B3D74-0B64-41C5-BB69-DF4C88E76E7C}.Debug|x64.Build.0 = Debug|x64
		{057B3D74-0B64-41C5-BB69-DF4C88E76E7C}.Debug|x86.ActiveCfg = Debug|Win32
		{057B3D74-0B64-41C5-BB69-DF4C88E76E7C}.Debug|x86.Build.0 = Debug|Win32
		{057B3D74-0B64-41C5-BB69-DF4C88E76E7C}.Release|x64.ActiveCfg = Release|x64
		{057B3D74-0B64-41C5-BB69-DF4C88E76E7C}.Release|x64.Build.0 = Release|x64
		{057B3D74-0B64-41C5-BB69-DF4C88E76E7C}.Release|x86.ActiveCfg = Release|Win32
		{057B3D74-0B64-41C5-BB69-DF4C88E76E7C}.Release|x86.Build.0 = Release|Win32
		{4EE62C1B-25BC-4ED8-A1E2-EF29B00480E6}.Debug|x64.ActiveCfg = Debug|x64
		{4EE62C1B-25BC-4ED8-A1E2-EF29B00480E6}.Debug|x64.Build.0 = Debug|x64
		{4EE62C1B-25BC-4ED8-A1E2-EF29B00480E6}.Debug|x86.ActiveCfg = Debug|Win32
		{4EE62C1B-25BC-4ED8-A1E2-EF29B00480E6}.Debug|x86.Build.0 = Debug|Win32
		{4EE62C1B-25BC-4ED8-A1E2-EF29B00480E6}.Release|x64.ActiveCfg = Release|x64
		{4EE62C1B-25BC-4ED8-A1E2-EF29B00480E6}.Release|x64.Build.0 = Release|x64
		{4EE62C1B-25BC-4ED8-A1E2-EF29B00480E6}.Release|x86.ActiveCfg = Release|Win32
		{4EE62C1B-25BC-4ED8-A1E2-EF29B00480E6}.Release|x86.Build.0 = Release|Win32
		{6C28947D-A85B-4F4F-8CA3-CBA9C86ED512}.Debug|x64.ActiveCfg = Debug|x64
		{6C28947D-A85B-4F4F-8CA3-CBA9C86ED512}.Debug|x64.Build.0 = Debug|x64
		{6C28947D-A85B-4F4F-8CA3-CBA9C86ED512}.Debug|x86.ActiveCfg = Debug|Win32
		{6C28947D-A85B-4F4F-8CA3-CBA9C86ED512}.Debug|x86.Build.0 = Debug|Win32
		{6C28947D-A85B-4F4F-8CA3-CBA9C86ED512}.Release|x64.ActiveCfg = Release|x64
		{6C28947D-A85B-4F4F-8CA3-CBA9C86ED512}.Release|x64.Build.0 = Release|x64
		{6C28947D-A85B-4F4F-8CA3-CBA9C86ED512}.Release|x86.ActiveCfg = Release|Win32
		{6C28947D-A85B-4F4F-8CA3-CBA9C86ED512}.Release|x86.Build.0 = Release|Win32
		{C1D0191A-67B7-4AF3-AFF2-340D2901A3CB}.Debug|x64.ActiveCfg = Debug|x64
		{C1D0191A-67B7-4AF3-AFF2-340D2901A3CB}.Debug|x64.Build.0 = Debug|x64
		{C1D0191A-67B7-4AF3-AFF2-340D2901A3CB}.Debug|x86.ActiveCfg = Debug|Win32
		{C1D0191A-67B7-4AF3-AFF2-340D2901A3CB}.Debug|x86.Build.0 = Debug|Win32
		{C1D0191A-67B7-4AF3-AFF2-340D2901A3CB}.Release|x64.ActiveCfg = Release|x64
		{C1D0191A-67B7-4AF3-AFF2-340D2901A3CB}.Release|x64.Build.0 = Release|x64
		{C1D0191A-67B7-4AF3-AFF2-340D2901A3CB}.Release|x86.ActiveCfg = Release|Win32
		{C1D0191A-67B7-4AF3-AFF2-340D2901A3CB}.Release|x86.Build.0 = Release|Win32
		{190BB362-93EF-4B68-AFEE-51FAF5F65A2B}.Debug|x64.ActiveCfg = Debug|x64
		{190BB362-93EF-4B68-AFEE-51FAF5F65A2B}.Debug|x64.Build.0 = Debug|x64
		{190BB362-93EF-4B68-AFEE-51FAF5F65A2B}.Debug|x86.ActiveCfg = Debug|Win32
		{190BB362-93EF-4B68-AFEE-51FAF5F65A2B}.Debug|x86.Build.0 = Debug|Win32
		{190BB362-93EF-4B68-AFEE-51FAF5F65A2B}.Release|x64.ActiveCfg = Release|x64
		{190BB362-93EF-4B68-AFEE-51FAF5F65A2B}.Release|x64.Build.0 = Release|x64
		{190BB362-93EF-4B68-AFEE-51FAF5F65A2B}.Release|x86.ActiveCfg = Release|Win32
		{190BB362-93EF-4B68-AFEE-51FAF5F65A2B}.Release|x86.Build.0 = Release|Win32
		{24D4FEAF-C376-449F-85E1-1D2A4F25DD47}.Debug|x64.ActiveCfg = Debug|x64
		{24D4FEAF-C376-449F-85E1-1D2A4F25DD47}.Debug|x64.Build.0 = Debug|x64
		{24D4FEAF-C376-449F-85E1-1D2A4F25DD47}.Debug|x86.ActiveCfg = Debug|Win32
		{24D4FEAF-C376-449F-85E1-1D2A4F25DD47}.Debug|x86.Build.0 = Debug|Win32
		{24D4FEAF-C376-449F-85E1-1D2A4F25DD47}.Release|x64.ActiveCfg = Release|x64
		{24D4FEAF-C376-449F-85E1-1D2A4F25DD47}.Release|x64.Build.0 = Release|x64
		{24D4FEAF-C376-449F-85E1-1D2A4F25DD47}.Release|x86.ActiveCfg = Release|Win32
		{24D4FEAF-C376-449F-85E1-1D2A4F25DD47}.Release|x86.Build.0 = Release|Win32
		{31253995-2056-4AE3-848F-6C0D32797F5B}.Debug|x64.ActiveCfg = Debug|x64
		{31253995-2056-4AE3-848F-6C0D32797F5B}.Debug|x64.Build.0 = Debug|x64
		{31253995-2056-4AE3-848F-6C0D32797F5B}.Debug|x86.ActiveCfg = Debug|Win32
		{31253995-2056-4AE3-848F-6C0D32797F5B}.Debug|x86.Build.0 = Debug|Win32
		{31253995-2056-4AE3-848F-6C0D32797F5B}.Release|x64.ActiveCfg = Release|x64
		{31253995-2056-4AE3-848F-6C0D32797F5B}.Release|x64.Build.0 = Release|x64
		{31253995-2056-4AE3-848F-6C0D32797F5B}.Release|x86.ActiveCfg = Release|Win32
		{31253995-2056-4AE3-848F-6C0D32797F5B}.Release|x86.Build.0 = Release|Win32
		{13A2893E-FC52-411B-BDFA-7384DED515BB}.Debug|x64.ActiveCfg = Debug|x64
		{13A2893E-FC52-411B-BDFA-7384DED515BB}.Debug|x64.Build.0 = Debug|x64
		{13A2893E-FC52-411B-BDFA-7384DED515BB}.Debug|x86.ActiveCfg = Debug|Win32
		{13A2893E-FC52-411B-BDFA-7384DED515BB}.Debug|x86.Build.0 = Debug|Win32
		{13A2893E-FC52-411B-BDFA-7384DED515BB}.Release|x64.ActiveCfg = Release|x64
		{13A2893E-FC52-411B-BDFA-7384DED515BB}.Release|x64.Build.0 = Release|x64
		{13A2893E-FC52-411B-BDFA-7384DED515BB}.Release|x86.ActiveCfg = Release|Win32
		{13A2893E-FC52-411B-BDFA-7384DED515BB}.Release|x86.Build.0 = Release|Win32
		{00EF5F93-DFDA-48B6-BBD0-9A10529FDA51}.Debug|x64.ActiveCfg = Debug|x64
		{00EF5F93-DFDA-48B6-BBD0-9A10529FDA51}.Debug|x64.Build.0 = Debug|x64
		{00EF5F93-DFDA-48B6-BBD0-9A10529FDA51}.Debug|x86.ActiveCfg = Debug|Win32
		{00EF5F93-DFDA-48B6-BBD0-9A10529FDA51}.Debug|x86.Build.0 = Debug|Win32
		{00EF5F93-DFDA-48B6-BBD0-9A10529FDA51}.Release|x64.ActiveCfg = Release|x64
		{00EF5F93-DFDA-48B6-BBD0-9A10529FDA51}.Release|x64.Build.0 = Release|x64
		{00EF5F93-DFDA-48B6-BBD0-9A10529FDA51}.Release|x86.ActiveCfg = Release|Win32
		{00EF5F93-DFDA-48B6-BBD0-9A10529FDA51}.Release|x86.Build.0 = Release|Win32
		{BA4528AD-373E-44A8-92D2-65B785331E6E}.Debug|x64.ActiveCfg = Debug|x64
		{BA4528AD-373E-44A8-92D2-65B785331E6E}.Debug|x64.Build.0 = Debug|x64
		{BA4528AD-373E-44A8-92D2-65B785331E6E}.Debug|x86.ActiveCfg = Debug|Win32
		{BA4528AD-373E-44A8-92D2-65B785331E6E}.Debug|x86.Build.0 = Debug|Win32
		{BA4528AD-373E-44A8-92D2-65B785331E6E}.Release|x64.ActiveCfg = Release|x64
		{BA4528AD-373E-44A8-92D2-65B785331E6E}.Release|x64.Build.0 = Release|x64
		{BA4528AD-373E-44A8-92D2-65B785331E6E}.Release|x86.ActiveCfg = Release|Win32
		{BA4528AD-373E-44A8-92D2-65B785331E6E}.Release|x86.Build.0 = Release|Win32
		{53ACF130-45E1-4989-88D4-E462C9FD595E}.Debug|x64.ActiveCfg = Debug|x64
		{53ACF130-45E1-4989-88D4-E462C9FD595E}.Debug|x64.Build.0 = Debug|x64
		{53ACF130-45E1-4989-88D4-E462C9FD595E}.Debug|x86.ActiveCfg = Debug|Win32
		{53ACF130-45E1-4989-88D4-E462C9FD595E}.Debug|x86.Build.0 = Debug|Win32
		{53ACF130-45E1-4989-88D4-E462C9FD595E}.Release|x64.ActiveCfg = Release|x64
		{53ACF130-45E1-4989-88D4-E462C9FD595E}.Release|x64.Build.0 = Release|x64
		{53ACF130-45E1-4989-88D4-E462C9FD595E}.Release|x86.ActiveCfg = Release|Win32
		{53ACF130-45E1-4989-88D4-E462C9FD595E}.Release|x86.Build.0 = Release|Win32
		{081C0BA4-955A-4DD6-B338-987CDF9C7756}.Debug|x64.ActiveCfg = Debug|x64
		{081C0BA4-955A-4DD6-B338-987CDF9C7756}.Debug|x64.Build.0 = Debug|x64
		{081C0BA4-955A-4DD6-B338-987CDF9C7756}.Debug|x86.ActiveCfg = Debug|Win32
		{081C0BA4-955A-4DD6-B338-987CDF9C7756}.Debug|x86.Build.0 = Debug|Win32
		{081C0BA4-955A-4DD6-B338-987CDF9C7756}.Release|x64.ActiveCfg = Release|x64
		{081C0BA4-955A-4DD6-B338-987CDF9C7756}.Release|x64.Build.0 = Release|x64
		{081C0BA4-955A-4DD6-B338-987CDF9C7756}.Release|x86.ActiveCfg = Release|Win32
		{081C0BA4-955A-4DD6-B338-987CDF9C7756}.Release|x86.Build.0 = Release|Win32
		{D00F52B6-1ECE-4B0A-B5B3-097407D06D00}.Debug|x64.ActiveCfg = Debug|x64
		{D00F52B6-1ECE-4B0A-B5B3-097407D06D00}.Debug|x64.Build.0 = Debug|x64
		{D00F52B6-1ECE-4B0A-B5B3-097407D06D00}.Debug|x86.ActiveCfg = Debug|Win32
		{D00F52B6-1ECE-4B0A-B5B3-097407D06D00}.Debug|x86.Build.0 = Debug|Win32
		{D00F52B6-1ECE-4B0A-B5B3-097407D06D00}.Release|x64.ActiveCfg = Release|x64
		{D00F52B6-1ECE-4B0A-B5B3-097407D06D00}.Release|x64.Build.0 = Release|x64
		{D00F52B6-1ECE-4B0A-B5B3-097407D06D00}.Release|x86.ActiveCfg = Release|Win32
		{D00F52B6-1ECE-4B0A-B5B3-097407D06D00}.Release|x86.Build.0 = Release|Win32
		{7706E351-D731-4FCD-9298-150D4D4DB296}.Debug|x64.ActiveCfg = Debug|x64
		{7706E351-D731-4FCD-9298-150D4D4DB296}.Debug|x64.Build.0 = Debug|x64
		{7706E351-D731-4FCD-9298-150D4D4DB296}.Debug|x86.ActiveCfg = Debug|Win32
		{7706E351-D731-4FCD-9298-150D4D4DB296}.Debug|x86.Build.0 = Debug|Win32
		{7706E351-D731-4FCD-9298-150D4D4DB296}.Release|x64.ActiveCfg = Release|x64
		{7706E351-D731-4FCD-9298-150D4D4DB296}.Release|x64.Build.0 = Release|x64
		{7706E351-D731-4FCD-9298-150D4D4DB296}.Release|x86.ActiveCfg = Release|Win32
		{7706E351-D731-4FCD-9298-150D4D4DB296}.Release|x86.Build.0 = Release|Win32
		{7706727B-C24A-426F-A2F4-33FD0BAA912A}.Debug|x64.ActiveCfg = Debug|x64
		{7706727B-C24A-426F-A2F4-33FD0BAA912A}.Debug|x64.Build.0 = Debug|x64
		{7706727B-C24A-426F-A2F4-33FD0BAA912A}.Debug|x86.ActiveCfg = Debug|Win32
		{7706727B-C24A-426F-A2F4-33FD0BAA912A}.Debug|x86.Build.0 = Debug|Win32
		{7706727B-C24A-426F-A2F4-33FD0BAA912A}.Release|x64.ActiveCfg = Release|x64
		{7706727B-C24A-426F-A2F4-33FD0BAA912A}.Release|x64.Build.0 = Release|x64
		{7706727B-C24A-426F-A2F4-33FD0BAA912A}.Release|x86.ActiveCfg = Release|Win32
		{7706727B-C24A-426F-A2F4-33FD0BAA912A}.Release|x86.Build.0 = Release|Win32
		{3DDF8EAE-5994-48B5-9123-AE911266698F}.Debug|x64.ActiveCfg = Debug|x64
		{3DDF8EAE-5994-48B5-9123-AE911266698F}.Debug|x64.Build.0 = Debug|x64
		{3DDF8EAE-5994-48B5-9123-AE911266698F}.Debug|x86.ActiveCfg = Debug|Win32
		{3DDF8EAE-5994-48B5-9123-AE911266698F}.Debug|x86.Build.0 = Debug|Win32
		{3DDF8EAE-5994-48B5-9123-AE911266698F}.Release|x64.ActiveCfg = Release|x64
		{3DDF8EAE-5994-48B5-9123-AE911266698F}.Release|x64.Build.0 = Release|x64
		{3DDF8EAE-5994-48B5-9123-AE911266698F}.Release|x86.ActiveCfg = Release|Win32
		{3DDF8EAE-5994-48B5-9123-AE911266698F}.Release|x86.Build.0 = Release|Win32
		{30498988-6A9A-4B2C-882C-AA3975DBA901}.Debug|x64.ActiveCfg = Debug|x64
		{30498988-6A9A-4B2C-882C-AA3975DBA901}.Debug|x64.Build.0 = Debug|x64
		{30498988-6A9A-4B2C-882C-AA3975DBA901}.Debug|x86.ActiveCfg = Debug|Win32
		{30498988-6A9A-4B2C-882C-AA3975DBA901}.Debug|x86.Build.0 = Debug|Win32
		{30498988-6A9A-4B2C-882C-AA3975DBA901}.Release|x64.ActiveCfg = Release|x64
		{30498988-6A9A-4B2C-882C-AA3975DBA901}.Release|x64.Build.0 = Release|x64
		{30498988-6A9A-4B2C-882C-AA3975DBA901}.Release|x86.ActiveCfg = Release|Win32
		{30498988-6A9A-4B2C-882C-AA3975DBA901}.Release|x86.Build.0 = Release|Win32
		{53B7A9BB-AC1A-4A31-B253-A4A5E9414CA3}.Debug|x64.ActiveCfg = Debug|x64
		{53B7A9BB-AC1A-4A31-B253-A4A5E9414CA3}.Debug|x64.Build.0 = Debug|x64
		{53B7A9BB-AC1A-4A31-B253-A4A5E9414CA3}.Debug|x86.ActiveCfg = Debug|Win32
		{53B7A9BB-AC1A-4A31-B253-A4A5E9414CA3}.Debug|x86.Build.0 = Debug|Win32
		{53B7A9BB-AC1A-4A31-B253-A4A5E9414CA3}.Release|x64.ActiveCfg = Release|x64
		{53B7A9BB-AC1A-4A31-B253-A4A5E9414CA3}.Release|x64.Build.0 = Release|x64
		{53B7A9BB-AC1A-4A31-B253-A4A5E9414CA3}.Release|x86.ActiveCfg = Release|Win32
		{53B7A9BB-AC1A-4A31-B253-A4A5E9414CA3}.Release|x86.Build.0 = Release|Win32
		{CCB20BB0-69A3-48E4-94A7-8F966ACB5644}.Debug|x64.ActiveCfg = Debug|x64
		{CCB20BB0-69A3-48E4-94A7-8F966ACB5644}.Debug|x64.Build.0 = Debug|x64
		{CCB20BB0-69A3-48E4-94A7-8F966ACB5644}.Debug|x86.ActiveCfg = Debug|Win32
		{CCB20BB0-69A3-48E4-94A7-8F966ACB5644}.Debug|x86.Build.0 = Debug|Win32
		{CCB20BB0-69A3-48E4-94A7-8F966ACB5644}.Release|x64.ActiveCfg = Release|x64
		{CCB20BB0-69A3-48E4-94A7-8F966ACB5644}.Release|x64.Build.0 = Release|x64
		{CCB20BB0-69A3-48E4-94A7-8F966ACB5644}.Release|x86.ActiveCfg = Release|Win32
		{CCB20BB0-69A3-48E4-94A7-8F966ACB5644}.Release|x86.Build.0 = Release|Win32
		{4FC6791A-C57C-46E2-82A6-435317B8A5C2}.Debug|x64.ActiveCfg = Debug|x64
		{4FC6791A-C57C-46E2-82A6-435317B8A5C2}.Debug|x64.Build.0 = Debug|x64
		{4FC6791A-C57C-46E2-82A6-435317B8A5C2}.Debug|x86.ActiveCfg = Debug|Win32
		{4FC6791A-C57C-46E2-82A6-435317B8A5C2}.Debug|x86.Build.0 = Debug|Win32
		{4FC6791A-C57C-46E2-82A6-435317B8A5C2}.Release|x64.ActiveCfg = Release|x64
		{4FC6791A-C57C-46E2-82A6-435317B8A5C2}.Release|x64.Build.0 = Release|x64
		{4FC6791A-C57C-46E2-82A6-435317B8A5C2}.Release|x86.ActiveCfg = Release|Win32
		{4FC6791A-C57C-46E2-82A6-435317B8A5C2}.Release|x86.Build.0 = Release|Win32
		{7C714BD7-65A5-464A-BB6D-047944850F90}.Debug|x64.ActiveCfg = Debug|x64
		{7C714BD7-65A5-464A-BB6D-047944850F90}.Debug|x64.Build.0 = Debug|x64
		{7C714BD7-65A5-464A-BB6D-047944850F90}.Debug|x86.ActiveCfg = Debug|Win32
		{7C714BD7-65A5-464A-BB6D-047944850F90}.Debug|x86.Build.0 = Debug|Win32
		{7C714BD7-65A5-464A-BB6D-047944850F90}.Release|x64.ActiveCfg = Release|x64
		{7C714BD7-65A5-464A-BB6D-047944850F90}.Release|x64.Build.0 = Release|x64
		{7C714BD7-65A5-464A-BB6D-047944850F90}.Release|x86.ActiveCfg = Release|Win32
		{7C714BD7-65A5-464A-BB6D-047944850F90}.Release|x86.Build.0 = Release|Win32
		{142E7A83-A0FC-49DE-A639-4AD99BC2910B}.Debug|x64.ActiveCfg = Debug|x64
		{142E7A83-A0FC-49DE-A639-4AD99BC2910B}.Debug|x64.Build.0 = Debug|x64
		{142E7A83-A0FC-49DE-A639-4AD99BC2910B}.Debug|x86.ActiveCfg = Debug|Win32
		{142E7A83-A0FC-49DE-A639-4AD99BC2910B}.Debug|x86.Build.0 = Debug|Win32
		{142E7A83-A0FC-49DE-A639-4AD99BC2910B}.Release|x64.ActiveCfg = Release|x64
		{142E7A83-A0FC-49DE-A639-4AD99BC2910B}.Release|x64.Build.0 = Release|x64
		{142E7A83-A0FC-49DE-A639-4AD99BC2910B}.Release|x86.ActiveCfg = Release|Win32
		{142E7A83-A0FC-49DE-A639-4AD99BC2910B}.Release|x86.Build.0 = Release|Win32
		{F281B771-0A47-47EC-8797-AB6F5C6CF60F}.Debug|x64.ActiveCfg = Debug|x64
		{F281B771-0A47-47EC-8797-AB6F5C6CF60F}.Debug|x64.Build.0 = Debug|x64
		{F281B771-0A47-47EC-8797-AB6F5C6CF60F}.Debug|x86.ActiveCfg = Debug|Win32
		{F281B771-0A47-47EC-8797-AB6F5C6CF60F}.Debug|x86.Build.0 = Debug|Win32
		{F281B771-0A47-47EC-8797-AB6F5C6CF60F}.Release|x64.ActiveCfg = Release|x64
		{F281B771-0A47-47EC-8797-AB6F5C6CF60F}.Release|x64.Build.0 = Release|x64
		{F281B771-0A47-47EC-8797-AB6F5C6CF60F}.Release|x86.ActiveCfg = Release|Win32
		{F281B771-0A47-47EC-8797-AB6F5C6CF60F}.Release|x86.Build.0 = Release|Win32
	EndGlobalSection
	GlobalSection(SolutionProperties) = preSolution
		HideSolutionNode = FALSE
	EndGlobalSection
	GlobalSection(ExtensibilityGlobals) = postSolution
		SolutionGuid = {B8D99FCC-70A1-4629-841F-BF9A327DD175}
	EndGlobalSection
EndGlobal
